
Microsoft Visual Studio Solution File, Format Version 12.00
# Visual Studio Version 17
VisualStudioVersion = 17.0.31903.59
MinimumVisualStudioVersion = 10.0.40219.1
Project("{FAE04EC0-301F-11D3-BF4B-00C04F79EFBC}") = "API", "API\API.csproj", "{DA514DB9-3A9A-4C0D-8AFB-AC95637446A4}"
EndProject
Project("{FAE04EC0-301F-11D3-BF4B-00C04F79EFBC}") = "Core", "Core\Core.csproj", "{CEDF5612-BF58-458F-B5A1-9774FDF79813}"
EndProject
Project("{FAE04EC0-301F-11D3-BF4B-00C04F79EFBC}") = "Infrastructure", "Infrastructure\Infrastructure.csproj", "{94066586-051E-4522-9FFA-0566801191F1}"
EndProject
Global
	GlobalSection(SolutionConfigurationPlatforms) = preSolution
		Debug|Any CPU = Debug|Any CPU
		Release|Any CPU = Release|Any CPU
	EndGlobalSection
	GlobalSection(SolutionProperties) = preSolution
		HideSolutionNode = FALSE
	EndGlobalSection
	GlobalSection(ProjectConfigurationPlatforms) = postSolution
		{DA514DB9-3A9A-4C0D-8AFB-AC95637446A4}.Debug|Any CPU.ActiveCfg = Debug|Any CPU
		{DA514DB9-3A9A-4C0D-8AFB-AC95637446A4}.Debug|Any CPU.Build.0 = Debug|Any CPU
		{DA514DB9-3A9A-4C0D-8AFB-AC95637446A4}.Release|Any CPU.ActiveCfg = Release|Any CPU
		{DA514DB9-3A9A-4C0D-8AFB-AC95637446A4}.Release|Any CPU.Build.0 = Release|Any CPU
		{CEDF5612-BF58-458F-B5A1-9774FDF79813}.Debug|Any CPU.ActiveCfg = Debug|Any CPU
		{CEDF5612-BF58-458F-B5A1-9774FDF79813}.Debug|Any CPU.Build.0 = Debug|Any CPU
		{CEDF5612-BF58-458F-B5A1-9774FDF79813}.Release|Any CPU.ActiveCfg = Release|Any CPU
		{CEDF5612-BF58-458F-B5A1-9774FDF79813}.Release|Any CPU.Build.0 = Release|Any CPU
		{94066586-051E-4522-9FFA-0566801191F1}.Debug|Any CPU.ActiveCfg = Debug|Any CPU
		{94066586-051E-4522-9FFA-0566801191F1}.Debug|Any CPU.Build.0 = Debug|Any CPU
		{94066586-051E-4522-9FFA-0566801191F1}.Release|Any CPU.ActiveCfg = Release|Any CPU
		{94066586-051E-4522-9FFA-0566801191F1}.Release|Any CPU.Build.0 = Release|Any CPU
	EndGlobalSection
EndGlobal
